
Microsoft Visual Studio Solution File, Format Version 12.00
Project("{FAE04EC0-301F-11D3-BF4B-00C04F79EFBC}") = "Thaz", "Thaz\Thaz.csproj", "{FFAC9984-E405-4ED1-B4D7-177BFA8E644A}"
EndProject
Global
	GlobalSection(SolutionConfigurationPlatforms) = preSolution
		Debug|Any CPU = Debug|Any CPU
		Release|Any CPU = Release|Any CPU
	EndGlobalSection
	GlobalSection(ProjectConfigurationPlatforms) = postSolution
		{FFAC9984-E405-4ED1-B4D7-177BFA8E644A}.Debug|Any CPU.ActiveCfg = Debug|Any CPU
		{FFAC9984-E405-4ED1-B4D7-177BFA8E644A}.Debug|Any CPU.Build.0 = Debug|Any CPU
		{FFAC9984-E405-4ED1-B4D7-177BFA8E644A}.Release|Any CPU.ActiveCfg = Release|Any CPU
		{FFAC9984-E405-4ED1-B4D7-177BFA8E644A}.Release|Any CPU.Build.0 = Release|Any CPU
	EndGlobalSection
EndGlobal
